
Microsoft Visual Studio Solution File, Format Version 12.00
# Visual Studio Version 17
VisualStudioVersion = 17.3.32929.385
MinimumVisualStudioVersion = 10.0.40219.1
Project("{FAE04EC0-301F-11D3-BF4B-00C04F79EFBC}") = "CalculatorLibFramework", "CalculatorLibFramework.csproj", "{1B3B2BA0-7050-47E4-AA20-12EBF60939EE}"
EndProject
Global
	GlobalSection(SolutionConfigurationPlatforms) = preSolution
		Debug|Any CPU = Debug|Any CPU
		Release|Any CPU = Release|Any CPU
	EndGlobalSection
	GlobalSection(ProjectConfigurationPlatforms) = postSolution
		{1B3B2BA0-7050-47E4-AA20-12EBF60939EE}.Debug|Any CPU.ActiveCfg = Debug|Any CPU
		{1B3B2BA0-7050-47E4-AA20-12EBF60939EE}.Debug|Any CPU.Build.0 = Debug|Any CPU
		{1B3B2BA0-7050-47E4-AA20-12EBF60939EE}.Release|Any CPU.ActiveCfg = Release|Any CPU
		{1B3B2BA0-7050-47E4-AA20-12EBF60939EE}.Release|Any CPU.Build.0 = Release|Any CPU
	EndGlobalSection
	GlobalSection(SolutionProperties) = preSolution
		HideSolutionNode = FALSE
	EndGlobalSection
	GlobalSection(ExtensibilityGlobals) = postSolution
		SolutionGuid = {36C9527A-0874-454D-8D0C-F8D91513A03A}
	EndGlobalSection
EndGlobal
