
Microsoft Visual Studio Solution File, Format Version 12.00
# Visual Studio Version 17
VisualStudioVersion = 17.3.32929.385
MinimumVisualStudioVersion = 10.0.40219.1
Project("{FAE04EC0-301F-11D3-BF4B-00C04F79EFBC}") = "ArithmaticMvc", "ArithmaticMvc.csproj", "{8A50E88C-C119-49C5-8699-96F7F937799E}"
EndProject
Global
	GlobalSection(SolutionConfigurationPlatforms) = preSolution
		Debug|Any CPU = Debug|Any CPU
		Release|Any CPU = Release|Any CPU
	EndGlobalSection
	GlobalSection(ProjectConfigurationPlatforms) = postSolution
		{8A50E88C-C119-49C5-8699-96F7F937799E}.Debug|Any CPU.ActiveCfg = Debug|Any CPU
		{8A50E88C-C119-49C5-8699-96F7F937799E}.Debug|Any CPU.Build.0 = Debug|Any CPU
		{8A50E88C-C119-49C5-8699-96F7F937799E}.Release|Any CPU.ActiveCfg = Release|Any CPU
		{8A50E88C-C119-49C5-8699-96F7F937799E}.Release|Any CPU.Build.0 = Release|Any CPU
	EndGlobalSection
	GlobalSection(SolutionProperties) = preSolution
		HideSolutionNode = FALSE
	EndGlobalSection
	GlobalSection(ExtensibilityGlobals) = postSolution
		SolutionGuid = {0C850F24-ACA4-4953-A11B-5F4CDB164FAA}
	EndGlobalSection
EndGlobal
