
Microsoft Visual Studio Solution File, Format Version 12.00
# Visual Studio Version 17
VisualStudioVersion = 17.3.32929.385
MinimumVisualStudioVersion = 10.0.40219.1
Project("{FAE04EC0-301F-11D3-BF4B-00C04F79EFBC}") = "DesktopFrameworkCalculator", "DesktopFrameworkCalculator.csproj", "{FBDBC533-0FA0-4187-926A-7E85AD60B6AF}"
EndProject
Global
	GlobalSection(SolutionConfigurationPlatforms) = preSolution
		Debug|Any CPU = Debug|Any CPU
		Release|Any CPU = Release|Any CPU
	EndGlobalSection
	GlobalSection(ProjectConfigurationPlatforms) = postSolution
		{FBDBC533-0FA0-4187-926A-7E85AD60B6AF}.Debug|Any CPU.ActiveCfg = Debug|Any CPU
		{FBDBC533-0FA0-4187-926A-7E85AD60B6AF}.Debug|Any CPU.Build.0 = Debug|Any CPU
		{FBDBC533-0FA0-4187-926A-7E85AD60B6AF}.Release|Any CPU.ActiveCfg = Release|Any CPU
		{FBDBC533-0FA0-4187-926A-7E85AD60B6AF}.Release|Any CPU.Build.0 = Release|Any CPU
	EndGlobalSection
	GlobalSection(SolutionProperties) = preSolution
		HideSolutionNode = FALSE
	EndGlobalSection
	GlobalSection(ExtensibilityGlobals) = postSolution
		SolutionGuid = {9A12965D-2180-4D17-A592-3A965E6C5E74}
	EndGlobalSection
EndGlobal
