
Microsoft Visual Studio Solution File, Format Version 12.00
# Visual Studio Version 17
VisualStudioVersion = 17.3.32929.385
MinimumVisualStudioVersion = 10.0.40219.1
Project("{FAE04EC0-301F-11D3-BF4B-00C04F79EFBC}") = "ArithmaticOperationCore", "ArithmaticOperationCore.csproj", "{DF1DC900-0D7E-4796-9F6C-68FDDA453B0C}"
EndProject
Project("{FAE04EC0-301F-11D3-BF4B-00C04F79EFBC}") = "ArithmaticOperationFramework", "..\ArithmaticOperationFramework\ArithmaticOperationFramework.csproj", "{68FECD66-6154-4D5C-94B0-AF2C343831C0}"
EndProject
Global
	GlobalSection(SolutionConfigurationPlatforms) = preSolution
		Debug|Any CPU = Debug|Any CPU
		Release|Any CPU = Release|Any CPU
	EndGlobalSection
	GlobalSection(ProjectConfigurationPlatforms) = postSolution
		{DF1DC900-0D7E-4796-9F6C-68FDDA453B0C}.Debug|Any CPU.ActiveCfg = Debug|Any CPU
		{DF1DC900-0D7E-4796-9F6C-68FDDA453B0C}.Debug|Any CPU.Build.0 = Debug|Any CPU
		{DF1DC900-0D7E-4796-9F6C-68FDDA453B0C}.Release|Any CPU.ActiveCfg = Release|Any CPU
		{DF1DC900-0D7E-4796-9F6C-68FDDA453B0C}.Release|Any CPU.Build.0 = Release|Any CPU
		{68FECD66-6154-4D5C-94B0-AF2C343831C0}.Debug|Any CPU.ActiveCfg = Debug|Any CPU
		{68FECD66-6154-4D5C-94B0-AF2C343831C0}.Debug|Any CPU.Build.0 = Debug|Any CPU
		{68FECD66-6154-4D5C-94B0-AF2C343831C0}.Release|Any CPU.ActiveCfg = Release|Any CPU
		{68FECD66-6154-4D5C-94B0-AF2C343831C0}.Release|Any CPU.Build.0 = Release|Any CPU
	EndGlobalSection
	GlobalSection(SolutionProperties) = preSolution
		HideSolutionNode = FALSE
	EndGlobalSection
	GlobalSection(ExtensibilityGlobals) = postSolution
		SolutionGuid = {098BF4DA-BCD1-41C7-B05B-C5A97F2D3E32}
	EndGlobalSection
EndGlobal
