
Microsoft Visual Studio Solution File, Format Version 12.00
# Visual Studio Version 17
VisualStudioVersion = 17.3.32929.385
MinimumVisualStudioVersion = 10.0.40219.1
Project("{FAE04EC0-301F-11D3-BF4B-00C04F79EFBC}") = "CalculatorWebapi", "CalculatorWebapi.csproj", "{0C86F2DD-0134-4180-8D14-75D1148D76B9}"
EndProject
Global
	GlobalSection(SolutionConfigurationPlatforms) = preSolution
		Debug|Any CPU = Debug|Any CPU
		Release|Any CPU = Release|Any CPU
	EndGlobalSection
	GlobalSection(ProjectConfigurationPlatforms) = postSolution
		{0C86F2DD-0134-4180-8D14-75D1148D76B9}.Debug|Any CPU.ActiveCfg = Debug|Any CPU
		{0C86F2DD-0134-4180-8D14-75D1148D76B9}.Debug|Any CPU.Build.0 = Debug|Any CPU
		{0C86F2DD-0134-4180-8D14-75D1148D76B9}.Release|Any CPU.ActiveCfg = Release|Any CPU
		{0C86F2DD-0134-4180-8D14-75D1148D76B9}.Release|Any CPU.Build.0 = Release|Any CPU
	EndGlobalSection
	GlobalSection(SolutionProperties) = preSolution
		HideSolutionNode = FALSE
	EndGlobalSection
	GlobalSection(ExtensibilityGlobals) = postSolution
		SolutionGuid = {42427450-3444-45C1-AF95-A8A944F746BF}
	EndGlobalSection
EndGlobal
