
Microsoft Visual Studio Solution File, Format Version 12.00
# Visual Studio Version 17
VisualStudioVersion = 17.3.32929.385
MinimumVisualStudioVersion = 10.0.40219.1
Project("{FAE04EC0-301F-11D3-BF4B-00C04F79EFBC}") = "ExceptionHandlingDemo", "ExceptionHandlingDemo.csproj", "{D96B6BD6-15B4-4DDC-BF46-B3FE3A88600E}"
EndProject
Global
	GlobalSection(SolutionConfigurationPlatforms) = preSolution
		Debug|Any CPU = Debug|Any CPU
		Release|Any CPU = Release|Any CPU
	EndGlobalSection
	GlobalSection(ProjectConfigurationPlatforms) = postSolution
		{D96B6BD6-15B4-4DDC-BF46-B3FE3A88600E}.Debug|Any CPU.ActiveCfg = Debug|Any CPU
		{D96B6BD6-15B4-4DDC-BF46-B3FE3A88600E}.Debug|Any CPU.Build.0 = Debug|Any CPU
		{D96B6BD6-15B4-4DDC-BF46-B3FE3A88600E}.Release|Any CPU.ActiveCfg = Release|Any CPU
		{D96B6BD6-15B4-4DDC-BF46-B3FE3A88600E}.Release|Any CPU.Build.0 = Release|Any CPU
	EndGlobalSection
	GlobalSection(SolutionProperties) = preSolution
		HideSolutionNode = FALSE
	EndGlobalSection
	GlobalSection(ExtensibilityGlobals) = postSolution
		SolutionGuid = {F5ED3BA1-F7C4-489B-9F4F-B024C3245B03}
	EndGlobalSection
EndGlobal
