
Microsoft Visual Studio Solution File, Format Version 12.00
# Visual Studio Version 17
VisualStudioVersion = 17.3.32929.385
MinimumVisualStudioVersion = 10.0.40219.1
Project("{FAE04EC0-301F-11D3-BF4B-00C04F79EFBC}") = "Second_Assg", "Second_Assg.csproj", "{F25896F3-F9A9-4457-8E98-3EC2F1F3DF0C}"
EndProject
Global
	GlobalSection(SolutionConfigurationPlatforms) = preSolution
		Debug|Any CPU = Debug|Any CPU
		Release|Any CPU = Release|Any CPU
	EndGlobalSection
	GlobalSection(ProjectConfigurationPlatforms) = postSolution
		{F25896F3-F9A9-4457-8E98-3EC2F1F3DF0C}.Debug|Any CPU.ActiveCfg = Debug|Any CPU
		{F25896F3-F9A9-4457-8E98-3EC2F1F3DF0C}.Debug|Any CPU.Build.0 = Debug|Any CPU
		{F25896F3-F9A9-4457-8E98-3EC2F1F3DF0C}.Release|Any CPU.ActiveCfg = Release|Any CPU
		{F25896F3-F9A9-4457-8E98-3EC2F1F3DF0C}.Release|Any CPU.Build.0 = Release|Any CPU
	EndGlobalSection
	GlobalSection(SolutionProperties) = preSolution
		HideSolutionNode = FALSE
	EndGlobalSection
	GlobalSection(ExtensibilityGlobals) = postSolution
		SolutionGuid = {96256AAF-E518-4E43-AA85-B366DA1CCE80}
	EndGlobalSection
EndGlobal
